
Microsoft Visual Studio Solution File, Format Version 12.00
# Visual Studio Version 17
VisualStudioVersion = 17.11.35327.3
MinimumVisualStudioVersion = 10.0.40219.1
Project("{FAE04EC0-301F-11D3-BF4B-00C04F79EFBC}") = "property-management-api", "property-management-api\property-management-api.csproj", "{7E7CDE15-C666-430A-8FEA-76B160A83428}"
EndProject
Global
	GlobalSection(SolutionConfigurationPlatforms) = preSolution
		Debug|Any CPU = Debug|Any CPU
		Release|Any CPU = Release|Any CPU
	EndGlobalSection
	GlobalSection(ProjectConfigurationPlatforms) = postSolution
		{7E7CDE15-C666-430A-8FEA-76B160A83428}.Debug|Any CPU.ActiveCfg = Debug|Any CPU
		{7E7CDE15-C666-430A-8FEA-76B160A83428}.Debug|Any CPU.Build.0 = Debug|Any CPU
		{7E7CDE15-C666-430A-8FEA-76B160A83428}.Release|Any CPU.ActiveCfg = Release|Any CPU
		{7E7CDE15-C666-430A-8FEA-76B160A83428}.Release|Any CPU.Build.0 = Release|Any CPU
	EndGlobalSection
	GlobalSection(SolutionProperties) = preSolution
		HideSolutionNode = FALSE
	EndGlobalSection
	GlobalSection(ExtensibilityGlobals) = postSolution
		SolutionGuid = {2B72FC3E-CB7F-48FE-894E-16ED03864008}
	EndGlobalSection
EndGlobal
